
Microsoft Visual Studio Solution File, Format Version 10.00
# Visual Studio 2008
Project("{FAE04EC0-301F-11D3-BF4B-00C04F79EFBC}") = "BangaiO", "BangaiO.csproj", "{A6A580D9-170D-4C28-A79D-F399BDA4B001}"
EndProject
Global
	GlobalSection(SolutionConfigurationPlatforms) = preSolution
		Debug|Any CPU = Debug|Any CPU
		Release|Any CPU = Release|Any CPU
	EndGlobalSection
	GlobalSection(ProjectConfigurationPlatforms) = postSolution
		{A6A580D9-170D-4C28-A79D-F399BDA4B001}.Debug|Any CPU.ActiveCfg = Debug|Any CPU
		{A6A580D9-170D-4C28-A79D-F399BDA4B001}.Debug|Any CPU.Build.0 = Debug|Any CPU
		{A6A580D9-170D-4C28-A79D-F399BDA4B001}.Release|Any CPU.ActiveCfg = Release|Any CPU
		{A6A580D9-170D-4C28-A79D-F399BDA4B001}.Release|Any CPU.Build.0 = Release|Any CPU
	EndGlobalSection
	GlobalSection(SolutionProperties) = preSolution
		HideSolutionNode = FALSE
	EndGlobalSection
EndGlobal
